// !$*UTF8*$!
{
	archiveVersion = 1;
	classes = {
	};
	objectVersion = 46;
	objects = {

/* Begin PBXBuildFile section */
		117584651B4E4777000B7504 /* main.m in Sources */ = {isa = PBXBuildFile; fileRef = 117584641B4E4777000B7504 /* main.m */; };
		117584681B4E4777000B7504 /* AppDelegate.m in Sources */ = {isa = PBXBuildFile; fileRef = 117584671B4E4777000B7504 /* AppDelegate.m */; };
		1175846B1B4E4777000B7504 /* ViewController.m in Sources */ = {isa = PBXBuildFile; fileRef = 1175846A1B4E4777000B7504 /* ViewController.m */; };
		117584701B4E4777000B7504 /* Images.xcassets in Resources */ = {isa = PBXBuildFile; fileRef = 1175846F1B4E4777000B7504 /* Images.xcassets */; };
		117584731B4E4777000B7504 /* LaunchScreen.xib in Resources */ = {isa = PBXBuildFile; fileRef = 117584711B4E4777000B7504 /* LaunchScreen.xib */; };
		1175847F1B4E4777000B7504 /* UnequalHeightDemoTests.m in Sources */ = {isa = PBXBuildFile; fileRef = 1175847E1B4E4777000B7504 /* UnequalHeightDemoTests.m */; };
		1175848B1B4E47D6000B7504 /* ManualModel.m in Sources */ = {isa = PBXBuildFile; fileRef = 1175848A1B4E47D6000B7504 /* ManualModel.m */; };
		1175848F1B4E4892000B7504 /* UnequalHeightCell.m in Sources */ = {isa = PBXBuildFile; fileRef = 1175848E1B4E4892000B7504 /* UnequalHeightCell.m */; };
		117584921B4E4CFA000B7504 /* NSString+Extensions.m in Sources */ = {isa = PBXBuildFile; fileRef = 117584911B4E4CFA000B7504 /* NSString+Extensions.m */; };
		117584951B4E4F6B000B7504 /* questions.json in Resources */ = {isa = PBXBuildFile; fileRef = 117584941B4E4F6B000B7504 /* questions.json */; };
		29B350E0D5B8EC03B3631625 /* libPods.a in Frameworks */ = {isa = PBXBuildFile; fileRef = 2D7D2C2BD3DE5FD074471E8F /* libPods.a */; };
/* End PBXBuildFile section */

/* Begin PBXContainerItemProxy section */
		117584791B4E4777000B7504 /* PBXContainerItemProxy */ = {
			isa = PBXContainerItemProxy;
			containerPortal = 117584571B4E4777000B7504 /* Project object */;
			proxyType = 1;
			remoteGlobalIDString = 1175845E1B4E4777000B7504;
			remoteInfo = UnequalHeightDemo;
		};
/* End PBXContainerItemProxy section */

/* Begin PBXFileReference section */
		1175845F1B4E4777000B7504 /* UnequalHeightDemo.app */ = {isa = PBXFileReference; explicitFileType = wrapper.application; includeInIndex = 0; path = UnequalHeightDemo.app; sourceTree = BUILT_PRODUCTS_DIR; };
		117584631B4E4777000B7504 /* Info.plist */ = {isa = PBXFileReference; lastKnownFileType = text.plist.xml; path = Info.plist; sourceTree = "<group>"; };
		117584641B4E4777000B7504 /* main.m */ = {isa = PBXFileReference; lastKnownFileType = sourcecode.c.objc; path = main.m; sourceTree = "<group>"; };
		117584661B4E4777000B7504 /* AppDelegate.h */ = {isa = PBXFileReference; lastKnownFileType = sourcecode.c.h; path = AppDelegate.h; sourceTree = "<group>"; };
		117584671B4E4777000B7504 /* AppDelegate.m */ = {isa = PBXFileReference; lastKnownFileType = sourcecode.c.objc; path = AppDelegate.m; sourceTree = "<group>"; };
		117584691B4E4777000B7504 /* ViewController.h */ = {isa = PBXFileReference; lastKnownFileType = sourcecode.c.h; path = ViewController.h; sourceTree = "<group>"; };
		1175846A1B4E4777000B7504 /* ViewController.m */ = {isa = PBXFileReference; lastKnownFileType = sourcecode.c.objc; path = ViewController.m; sourceTree = "<group>"; };
		1175846F1B4E4777000B7504 /* Images.xcassets */ = {isa = PBXFileReference; lastKnownFileType = folder.assetcatalog; path = Images.xcassets; sourceTree = "<group>"; };
		117584721B4E4777000B7504 /* Base */ = {isa = PBXFileReference; lastKnownFileType = file.xib; name = Base; path = Base.lproj/LaunchScreen.xib; sourceTree = "<group>"; };
		117584781B4E4777000B7504 /* UnequalHeightDemoTests.xctest */ = {isa = PBXFileReference; explicitFileType = wrapper.cfbundle; includeInIndex = 0; path = UnequalHeightDemoTests.xctest; sourceTree = BUILT_PRODUCTS_DIR; };
		1175847D1B4E4777000B7504 /* Info.plist */ = {isa = PBXFileReference; lastKnownFileType = text.plist.xml; path = Info.plist; sourceTree = "<group>"; };
		1175847E1B4E4777000B7504 /* UnequalHeightDemoTests.m */ = {isa = PBXFileReference; lastKnownFileType = sourcecode.c.objc; path = UnequalHeightDemoTests.m; sourceTree = "<group>"; };
		117584891B4E47D6000B7504 /* ManualModel.h */ = {isa = PBXFileReference; fileEncoding = 4; lastKnownFileType = sourcecode.c.h; path = ManualModel.h; sourceTree = "<group>"; };
		1175848A1B4E47D6000B7504 /* ManualModel.m */ = {isa = PBXFileReference; fileEncoding = 4; lastKnownFileType = sourcecode.c.objc; path = ManualModel.m; sourceTree = "<group>"; };
		1175848D1B4E4892000B7504 /* UnequalHeightCell.h */ = {isa = PBXFileReference; fileEncoding = 4; lastKnownFileType = sourcecode.c.h; path = UnequalHeightCell.h; sourceTree = "<group>"; };
		1175848E1B4E4892000B7504 /* UnequalHeightCell.m */ = {isa = PBXFileReference; fileEncoding = 4; lastKnownFileType = sourcecode.c.objc; path = UnequalHeightCell.m; sourceTree = "<group>"; };
		117584901B4E4CFA000B7504 /* NSString+Extensions.h */ = {isa = PBXFileReference; fileEncoding = 4; lastKnownFileType = sourcecode.c.h; path = "NSString+Extensions.h"; sourceTree = "<group>"; };
		117584911B4E4CFA000B7504 /* NSString+Extensions.m */ = {isa = PBXFileReference; fileEncoding = 4; lastKnownFileType = sourcecode.c.objc; path = "NSString+Extensions.m"; sourceTree = "<group>"; };
		117584941B4E4F6B000B7504 /* questions.json */ = {isa = PBXFileReference; fileEncoding = 4; lastKnownFileType = text.json; path = questions.json; sourceTree = "<group>"; };
		26CD68FE01B591B5B952C30C /* Pods.release.xcconfig */ = {isa = PBXFileReference; includeInIndex = 1; lastKnownFileType = text.xcconfig; name = Pods.release.xcconfig; path = "Pods/Target Support Files/Pods/Pods.release.xcconfig"; sourceTree = "<group>"; };
		2D7D2C2BD3DE5FD074471E8F /* libPods.a */ = {isa = PBXFileReference; explicitFileType = archive.ar; includeInIndex = 0; path = libPods.a; sourceTree = BUILT_PRODUCTS_DIR; };
		C98170D25EE29CAFADC36C23 /* Pods.debug.xcconfig */ = {isa = PBXFileReference; includeInIndex = 1; lastKnownFileType = text.xcconfig; name = Pods.debug.xcconfig; path = "Pods/Target Support Files/Pods/Pods.debug.xcconfig"; sourceTree = "<group>"; };
/* End PBXFileReference section */

/* Begin PBXFrameworksBuildPhase section */
		1175845C1B4E4777000B7504 /* Frameworks */ = {
			isa = PBXFrameworksBuildPhase;
			buildActionMask = 2147483647;
			files = (
				29B350E0D5B8EC03B3631625 /* libPods.a in Frameworks */,
			);
			runOnlyForDeploymentPostprocessing = 0;
		};
		117584751B4E4777000B7504 /* Frameworks */ = {
			isa = PBXFrameworksBuildPhase;
			buildActionMask = 2147483647;
			files = (
			);
			runOnlyForDeploymentPostprocessing = 0;
		};
/* End PBXFrameworksBuildPhase section */

/* Begin PBXGroup section */
		117584561B4E4777000B7504 = {
			isa = PBXGroup;
			children = (
				117584611B4E4777000B7504 /* UnequalHeightDemo */,
				1175847B1B4E4777000B7504 /* UnequalHeightDemoTests */,
				117584601B4E4777000B7504 /* Products */,
				CE8CE8BE49BEDDDC651CAFA0 /* Pods */,
				517A5FB101EA4A095EC8B16D /* Frameworks */,
			);
			sourceTree = "<group>";
		};
		117584601B4E4777000B7504 /* Products */ = {
			isa = PBXGroup;
			children = (
				1175845F1B4E4777000B7504 /* UnequalHeightDemo.app */,
				117584781B4E4777000B7504 /* UnequalHeightDemoTests.xctest */,
			);
			name = Products;
			sourceTree = "<group>";
		};
		117584611B4E4777000B7504 /* UnequalHeightDemo */ = {
			isa = PBXGroup;
			children = (
				117584931B4E4F41000B7504 /* Resource */,
				117584961B4E5187000B7504 /* Controller */,
				1175848C1B4E4846000B7504 /* View */,
				117584881B4E47AD000B7504 /* Model */,
				117584661B4E4777000B7504 /* AppDelegate.h */,
				117584671B4E4777000B7504 /* AppDelegate.m */,
				1175846F1B4E4777000B7504 /* Images.xcassets */,
				117584711B4E4777000B7504 /* LaunchScreen.xib */,
				117584621B4E4777000B7504 /* Supporting Files */,
			);
			path = UnequalHeightDemo;
			sourceTree = "<group>";
		};
		117584621B4E4777000B7504 /* Supporting Files */ = {
			isa = PBXGroup;
			children = (
				117584901B4E4CFA000B7504 /* NSString+Extensions.h */,
				117584911B4E4CFA000B7504 /* NSString+Extensions.m */,
				117584631B4E4777000B7504 /* Info.plist */,
				117584641B4E4777000B7504 /* main.m */,
			);
			name = "Supporting Files";
			sourceTree = "<group>";
		};
		1175847B1B4E4777000B7504 /* UnequalHeightDemoTests */ = {
			isa = PBXGroup;
			children = (
				1175847E1B4E4777000B7504 /* UnequalHeightDemoTests.m */,
				1175847C1B4E4777000B7504 /* Supporting Files */,
			);
			path = UnequalHeightDemoTests;
			sourceTree = "<group>";
		};
		1175847C1B4E4777000B7504 /* Supporting Files */ = {
			isa = PBXGroup;
			children = (
				1175847D1B4E4777000B7504 /* Info.plist */,
			);
			name = "Supporting Files";
			sourceTree = "<group>";
		};
		117584881B4E47AD000B7504 /* Model */ = {
			isa = PBXGroup;
			children = (
				117584891B4E47D6000B7504 /* ManualModel.h */,
				1175848A1B4E47D6000B7504 /* ManualModel.m */,
			);
			name = Model;
			sourceTree = "<group>";
		};
		1175848C1B4E4846000B7504 /* View */ = {
			isa = PBXGroup;
			children = (
				1175848D1B4E4892000B7504 /* UnequalHeightCell.h */,
				1175848E1B4E4892000B7504 /* UnequalHeightCell.m */,
			);
			name = View;
			sourceTree = "<group>";
		};
		117584931B4E4F41000B7504 /* Resource */ = {
			isa = PBXGroup;
			children = (
				117584941B4E4F6B000B7504 /* questions.json */,
			);
			name = Resource;
			sourceTree = "<group>";
		};
		117584961B4E5187000B7504 /* Controller */ = {
			isa = PBXGroup;
			children = (
				117584691B4E4777000B7504 /* ViewController.h */,
				1175846A1B4E4777000B7504 /* ViewController.m */,
			);
			name = Controller;
			sourceTree = "<group>";
		};
		517A5FB101EA4A095EC8B16D /* Frameworks */ = {
			isa = PBXGroup;
			children = (
				2D7D2C2BD3DE5FD074471E8F /* libPods.a */,
			);
			name = Frameworks;
			sourceTree = "<group>";
		};
		CE8CE8BE49BEDDDC651CAFA0 /* Pods */ = {
			isa = PBXGroup;
			children = (
				C98170D25EE29CAFADC36C23 /* Pods.debug.xcconfig */,
				26CD68FE01B591B5B952C30C /* Pods.release.xcconfig */,
			);
			name = Pods;
			sourceTree = "<group>";
		};
/* End PBXGroup section */

/* Begin PBXNativeTarget section */
		1175845E1B4E4777000B7504 /* UnequalHeightDemo */ = {
			isa = PBXNativeTarget;
			buildConfigurationList = 117584821B4E4777000B7504 /* Build configuration list for PBXNativeTarget "UnequalHeightDemo" */;
			buildPhases = (
				639E867D8A792981D774E9D5 /* Check Pods Manifest.lock */,
				1175845B1B4E4777000B7504 /* Sources */,
				1175845C1B4E4777000B7504 /* Frameworks */,
				1175845D1B4E4777000B7504 /* Resources */,
				AE12EC9172D187DFB90F47B3 /* Copy Pods Resources */,
			);
			buildRules = (
			);
			dependencies = (
			);
			name = UnequalHeightDemo;
			productName = UnequalHeightDemo;
			productReference = 1175845F1B4E4777000B7504 /* UnequalHeightDemo.app */;
			productType = "com.apple.product-type.application";
		};
		117584771B4E4777000B7504 /* UnequalHeightDemoTests */ = {
			isa = PBXNativeTarget;
			buildConfigurationList = 117584851B4E4777000B7504 /* Build configuration list for PBXNativeTarget "UnequalHeightDemoTests" */;
			buildPhases = (
				117584741B4E4777000B7504 /* Sources */,
				117584751B4E4777000B7504 /* Frameworks */,
				117584761B4E4777000B7504 /* Resources */,
			);
			buildRules = (
			);
			dependencies = (
				1175847A1B4E4777000B7504 /* PBXTargetDependency */,
			);
			name = UnequalHeightDemoTests;
			productName = UnequalHeightDemoTests;
			productReference = 117584781B4E4777000B7504 /* UnequalHeightDemoTests.xctest */;
			productType = "com.apple.product-type.bundle.unit-test";
		};
/* End PBXNativeTarget section */

/* Begin PBXProject section */
		117584571B4E4777000B7504 /* Project object */ = {
			isa = PBXProject;
			attributes = {
				LastUpgradeCheck = 0630;
				ORGANIZATIONNAME = Kiwik;
				TargetAttributes = {
					1175845E1B4E4777000B7504 = {
						CreatedOnToolsVersion = 6.3.2;
					};
					117584771B4E4777000B7504 = {
						CreatedOnToolsVersion = 6.3.2;
						TestTargetID = 1175845E1B4E4777000B7504;
					};
				};
			};
			buildConfigurationList = 1175845A1B4E4777000B7504 /* Build configuration list for PBXProject "UnequalHeightDemo" */;
			compatibilityVersion = "Xcode 3.2";
			developmentRegion = English;
			hasScannedForEncodings = 0;
			knownRegions = (
				en,
				Base,
			);
			mainGroup = 117584561B4E4777000B7504;
			productRefGroup = 117584601B4E4777000B7504 /* Products */;
			projectDirPath = "";
			projectRoot = "";
			targets = (
				1175845E1B4E4777000B7504 /* UnequalHeightDemo */,
				117584771B4E4777000B7504 /* UnequalHeightDemoTests */,
			);
		};
/* End PBXProject section */

/* Begin PBXResourcesBuildPhase section */
		1175845D1B4E4777000B7504 /* Resources */ = {
			isa = PBXResourcesBuildPhase;
			buildActionMask = 2147483647;
			files = (
				117584951B4E4F6B000B7504 /* questions.json in Resources */,
				117584731B4E4777000B7504 /* LaunchScreen.xib in Resources */,
				117584701B4E4777000B7504 /* Images.xcassets in Resources */,
			);
			runOnlyForDeploymentPostprocessing = 0;
		};
		117584761B4E4777000B7504 /* Resources */ = {
			isa = PBXResourcesBuildPhase;
			buildActionMask = 2147483647;
			files = (
			);
			runOnlyForDeploymentPostprocessing = 0;
		};
/* End PBXResourcesBuildPhase section */

/* Begin PBXShellScriptBuildPhase section */
		639E867D8A792981D774E9D5 /* Check Pods Manifest.lock */ = {
			isa = PBXShellScriptBuildPhase;
			buildActionMask = 2147483647;
			files = (
			);
			inputPaths = (
			);
			name = "Check Pods Manifest.lock";
			outputPaths = (
			);
			runOnlyForDeploymentPostprocessing = 0;
			shellPath = /bin/sh;
			shellScript = "diff \"${PODS_ROOT}/../Podfile.lock\" \"${PODS_ROOT}/Manifest.lock\" > /dev/null\nif [[ $? != 0 ]] ; then\n    cat << EOM\nerror: The sandbox is not in sync with the Podfile.lock. Run 'pod install' or update your CocoaPods installation.\nEOM\n    exit 1\nfi\n";
			showEnvVarsInLog = 0;
		};
		AE12EC9172D187DFB90F47B3 /* Copy Pods Resources */ = {
			isa = PBXShellScriptBuildPhase;
			buildActionMask = 2147483647;
			files = (
			);
			inputPaths = (
			);
			name = "Copy Pods Resources";
			outputPaths = (
			);
			runOnlyForDeploymentPostprocessing = 0;
			shellPath = /bin/sh;
			shellScript = "\"${SRCROOT}/Pods/Target Support Files/Pods/Pods-resources.sh\"\n";
			showEnvVarsInLog = 0;
		};
/* End PBXShellScriptBuildPhase section */

/* Begin PBXSourcesBuildPhase section */
		1175845B1B4E4777000B7504 /* Sources */ = {
			isa = PBXSourcesBuildPhase;
			buildActionMask = 2147483647;
			files = (
				1175848F1B4E4892000B7504 /* UnequalHeightCell.m in Sources */,
				1175846B1B4E4777000B7504 /* ViewController.m in Sources */,
				117584681B4E4777000B7504 /* AppDelegate.m in Sources */,
				117584921B4E4CFA000B7504 /* NSString+Extensions.m in Sources */,
				117584651B4E4777000B7504 /* main.m in Sources */,
				1175848B1B4E47D6000B7504 /* ManualModel.m in Sources */,
			);
			runOnlyForDeploymentPostprocessing = 0;
		};
		117584741B4E4777000B7504 /* Sources */ = {
			isa = PBXSourcesBuildPhase;
			buildActionMask = 2147483647;
			files = (
				1175847F1B4E4777000B7504 /* UnequalHeightDemoTests.m in Sources */,
			);
			runOnlyForDeploymentPostprocessing = 0;
		};
/* End PBXSourcesBuildPhase section */

/* Begin PBXTargetDependency section */
		1175847A1B4E4777000B7504 /* PBXTargetDependency */ = {
			isa = PBXTargetDependency;
			target = 1175845E1B4E4777000B7504 /* UnequalHeightDemo */;
			targetProxy = 117584791B4E4777000B7504 /* PBXContainerItemProxy */;
		};
/* End PBXTargetDependency section */

/* Begin PBXVariantGroup section */
		117584711B4E4777000B7504 /* LaunchScreen.xib */ = {
			isa = PBXVariantGroup;
			children = (
				117584721B4E4777000B7504 /* Base */,
			);
			name = LaunchScreen.xib;
			sourceTree = "<group>";
		};
/* End PBXVariantGroup section */

/* Begin XCBuildConfiguration section */
		117584801B4E4777000B7504 /* Debug */ = {
			isa = XCBuildConfiguration;
			buildSettings = {
				ALWAYS_SEARCH_USER_PATHS = NO;
				CLANG_CXX_LANGUAGE_STANDARD = "gnu++0x";
				CLANG_CXX_LIBRARY = "libc++";
				CLANG_ENABLE_MODULES = YES;
				CLANG_ENABLE_OBJC_ARC = YES;
				CLANG_WARN_BOOL_CONVERSION = YES;
				CLANG_WARN_CONSTANT_CONVERSION = YES;
				CLANG_WARN_DIRECT_OBJC_ISA_USAGE = YES_ERROR;
				CLANG_WARN_EMPTY_BODY = YES;
				CLANG_WARN_ENUM_CONVERSION = YES;
				CLANG_WARN_INT_CONVERSION = YES;
				CLANG_WARN_OBJC_ROOT_CLASS = YES_ERROR;
				CLANG_WARN_UNREACHABLE_CODE = YES;
				CLANG_WARN__DUPLICATE_METHOD_MATCH = YES;
				"CODE_SIGN_IDENTITY[sdk=iphoneos*]" = "iPhone Developer";
				COPY_PHASE_STRIP = NO;
				DEBUG_INFORMATION_FORMAT = "dwarf-with-dsym";
				ENABLE_STRICT_OBJC_MSGSEND = YES;
				GCC_C_LANGUAGE_STANDARD = gnu99;
				GCC_DYNAMIC_NO_PIC = NO;
				GCC_NO_COMMON_BLOCKS = YES;
				GCC_OPTIMIZATION_LEVEL = 0;
				GCC_PREPROCESSOR_DEFINITIONS = (
					"DEBUG=1",
					"$(inherited)",
				);
				GCC_SYMBOLS_PRIVATE_EXTERN = NO;
				GCC_WARN_64_TO_32_BIT_CONVERSION = YES;
				GCC_WARN_ABOUT_RETURN_TYPE = YES_ERROR;
				GCC_WARN_UNDECLARED_SELECTOR = YES;
				GCC_WARN_UNINITIALIZED_AUTOS = YES_AGGRESSIVE;
				GCC_WARN_UNUSED_FUNCTION = YES;
				GCC_WARN_UNUSED_VARIABLE = YES;
				IPHONEOS_DEPLOYMENT_TARGET = 8.3;
				MTL_ENABLE_DEBUG_INFO = YES;
				ONLY_ACTIVE_ARCH = YES;
				SDKROOT = iphoneos;
			};
			name = Debug;
		};
		117584811B4E4777000B7504 /* Release */ = {
			isa = XCBuildConfiguration;
			buildSettings = {
				ALWAYS_SEARCH_USER_PATHS = NO;
				CLANG_CXX_LANGUAGE_STANDARD = "gnu++0x";
				CLANG_CXX_LIBRARY = "libc++";
				CLANG_ENABLE_MODULES = YES;
				CLANG_ENABLE_OBJC_ARC = YES;
				CLANG_WARN_BOOL_CONVERSION = YES;
				CLANG_WARN_CONSTANT_CONVERSION = YES;
				CLANG_WARN_DIRECT_OBJC_ISA_USAGE = YES_ERROR;
				CLANG_WARN_EMPTY_BODY = YES;
				CLANG_WARN_ENUM_CONVERSION = YES;
				CLANG_WARN_INT_CONVERSION = YES;
				CLANG_WARN_OBJC_ROOT_CLASS = YES_ERROR;
				CLANG_WARN_UNREACHABLE_CODE = YES;
				CLANG_WARN__DUPLICATE_METHOD_MATCH = YES;
				"CODE_SIGN_IDENTITY[sdk=iphoneos*]" = "iPhone Developer";
				COPY_PHASE_STRIP = NO;
				DEBUG_INFORMATION_FORMAT = "dwarf-with-dsym";
				ENABLE_NS_ASSERTIONS = NO;
				ENABLE_STRICT_OBJC_MSGSEND = YES;
				GCC_C_LANGUAGE_STANDARD = gnu99;
				GCC_NO_COMMON_BLOCKS = YES;
				GCC_WARN_64_TO_32_BIT_CONVERSION = YES;
				GCC_WARN_ABOUT_RETURN_TYPE = YES_ERROR;
				GCC_WARN_UNDECLARED_SELECTOR = YES;
				GCC_WARN_UNINITIALIZED_AUTOS = YES_AGGRESSIVE;
				GCC_WARN_UNUSED_FUNCTION = YES;
				GCC_WARN_UNUSED_VARIABLE = YES;
				IPHONEOS_DEPLOYMENT_TARGET = 8.3;
				MTL_ENABLE_DEBUG_INFO = NO;
				SDKROOT = iphoneos;
				VALIDATE_PRODUCT = YES;
			};
			name = Release;
		};
		117584831B4E4777000B7504 /* Debug */ = {
			isa = XCBuildConfiguration;
			baseConfigurationReference = C98170D25EE29CAFADC36C23 /* Pods.debug.xcconfig */;
			buildSettings = {
				ASSETCATALOG_COMPILER_APPICON_NAME = AppIcon;
				INFOPLIST_FILE = UnequalHeightDemo/Info.plist;
				LD_RUNPATH_SEARCH_PATHS = "$(inherited) @executable_path/Frameworks";
				PRODUCT_NAME = "$(TARGET_NAME)";
			};
			name = Debug;
		};
		117584841B4E4777000B7504 /* Release */ = {
			isa = XCBuildConfiguration;
			baseConfigurationReference = 26CD68FE01B591B5B952C30C /* Pods.release.xcconfig */;
			buildSettings = {
				ASSETCATALOG_COMPILER_APPICON_NAME = AppIcon;
				INFOPLIST_FILE = UnequalHeightDemo/Info.plist;
				LD_RUNPATH_SEARCH_PATHS = "$(inherited) @executable_path/Frameworks";
				PRODUCT_NAME = "$(TARGET_NAME)";
			};
			name = Release;
		};
		117584861B4E4777000B7504 /* Debug */ = {
			isa = XCBuildConfiguration;
			buildSettings = {
				BUNDLE_LOADER = "$(TEST_HOST)";
				FRAMEWORK_SEARCH_PATHS = (
					"$(SDKROOT)/Developer/Library/Frameworks",
					"$(inherited)",
				);
				GCC_PREPROCESSOR_DEFINITIONS = (
					"DEBUG=1",
					"$(inherited)",
				);
				INFOPLIST_FILE = UnequalHeightDemoTests/Info.plist;
				LD_RUNPATH_SEARCH_PATHS = "$(inherited) @executable_path/Frameworks @loader_path/Frameworks";
				PRODUCT_NAME = "$(TARGET_NAME)";
				TEST_HOST = "$(BUILT_PRODUCTS_DIR)/UnequalHeightDemo.app/UnequalHeightDemo";
			};
			name = Debug;
		};
		117584871B4E4777000B7504 /* Release */ = {
			isa = XCBuildConfiguration;
			buildSettings = {
				BUNDLE_LOADER = "$(TEST_HOST)";
				FRAMEWORK_SEARCH_PATHS = (
					"$(SDKROOT)/Developer/Library/Frameworks",
					"$(inherited)",
				);
				INFOPLIST_FILE = UnequalHeightDemoTests/Info.plist;
				LD_RUNPATH_SEARCH_PATHS = "$(inherited) @executable_path/Frameworks @loader_path/Frameworks";
				PRODUCT_NAME = "$(TARGET_NAME)";
				TEST_HOST = "$(BUILT_PRODUCTS_DIR)/UnequalHeightDemo.app/UnequalHeightDemo";
			};
			name = Release;
		};
/* End XCBuildConfiguration section */

/* Begin XCConfigurationList section */
		1175845A1B4E4777000B7504 /* Build configuration list for PBXProject "UnequalHeightDemo" */ = {
			isa = XCConfigurationList;
			buildConfigurations = (
				117584801B4E4777000B7504 /* Debug */,
				117584811B4E4777000B7504 /* Release */,
			);
			defaultConfigurationIsVisible = 0;
			defaultConfigurationName = Release;
		};
		117584821B4E4777000B7504 /* Build configuration list for PBXNativeTarget "UnequalHeightDemo" */ = {
			isa = XCConfigurationList;
			buildConfigurations = (
				117584831B4E4777000B7504 /* Debug */,
				117584841B4E4777000B7504 /* Release */,
			);
			defaultConfigurationIsVisible = 0;
			defaultConfigurationName = Release;
		};
		117584851B4E4777000B7504 /* Build configuration list for PBXNativeTarget "UnequalHeightDemoTests" */ = {
			isa = XCConfigurationList;
			buildConfigurations = (
				117584861B4E4777000B7504 /* Debug */,
				117584871B4E4777000B7504 /* Release */,
			);
			defaultConfigurationIsVisible = 0;
			defaultConfigurationName = Release;
		};
/* End XCConfigurationList section */
	};
	rootObject = 117584571B4E4777000B7504 /* Project object */;
}
